
Microsoft Visual Studio Solution File, Format Version 12.00
# Visual Studio Version 17
VisualStudioVersion = 17.13.35825.156 d17.13
MinimumVisualStudioVersion = 10.0.40219.1
Project("{FAE04EC0-301F-11D3-BF4B-00C04F79EFBC}") = "SfDataGridSample", "SfDataGridSample\SfDataGridSample.csproj", "{1C376DAF-3809-446B-996B-371DBB2A563A}"
EndProject
Global
	GlobalSection(SolutionConfigurationPlatforms) = preSolution
		Debug|Any CPU = Debug|Any CPU
		Release|Any CPU = Release|Any CPU
	EndGlobalSection
	GlobalSection(ProjectConfigurationPlatforms) = postSolution
		{1C376DAF-3809-446B-996B-371DBB2A563A}.Debug|Any CPU.ActiveCfg = Debug|Any CPU
		{1C376DAF-3809-446B-996B-371DBB2A563A}.Debug|Any CPU.Build.0 = Debug|Any CPU
		{1C376DAF-3809-446B-996B-371DBB2A563A}.Debug|Any CPU.Deploy.0 = Debug|Any CPU
		{1C376DAF-3809-446B-996B-371DBB2A563A}.Release|Any CPU.ActiveCfg = Release|Any CPU
		{1C376DAF-3809-446B-996B-371DBB2A563A}.Release|Any CPU.Build.0 = Release|Any CPU
	EndGlobalSection
	GlobalSection(SolutionProperties) = preSolution
		HideSolutionNode = FALSE
	EndGlobalSection
	GlobalSection(ExtensibilityGlobals) = postSolution
		SolutionGuid = {2C006871-2D19-4DBA-852B-E726BBB82434}
	EndGlobalSection
EndGlobal
